
Microsoft Visual Studio Solution File, Format Version 12.00
# Visual Studio Version 17
VisualStudioVersion = 17.9.34714.143
MinimumVisualStudioVersion = 10.0.40219.1
Project("{FAE04EC0-301F-11D3-BF4B-00C04F79EFBC}") = "pwr-water-film-thickness-software", "pwr-water-film-thickness-software\pwr-water-film-thickness-software.csproj", "{ACBE01CB-08AE-4F77-BB06-3637A98C481F}"
EndProject
Global
	GlobalSection(SolutionConfigurationPlatforms) = preSolution
		Debug|Any CPU = Debug|Any CPU
		Release|Any CPU = Release|Any CPU
	EndGlobalSection
	GlobalSection(ProjectConfigurationPlatforms) = postSolution
		{ACBE01CB-08AE-4F77-BB06-3637A98C481F}.Debug|Any CPU.ActiveCfg = Debug|Any CPU
		{ACBE01CB-08AE-4F77-BB06-3637A98C481F}.Debug|Any CPU.Build.0 = Debug|Any CPU
		{ACBE01CB-08AE-4F77-BB06-3637A98C481F}.Release|Any CPU.ActiveCfg = Release|Any CPU
		{ACBE01CB-08AE-4F77-BB06-3637A98C481F}.Release|Any CPU.Build.0 = Release|Any CPU
	EndGlobalSection
	GlobalSection(SolutionProperties) = preSolution
		HideSolutionNode = FALSE
	EndGlobalSection
	GlobalSection(ExtensibilityGlobals) = postSolution
		SolutionGuid = {2836434F-5588-4F2E-8776-51DA593337C1}
	EndGlobalSection
EndGlobal
